
Microsoft Visual Studio Solution File, Format Version 12.00
# Visual Studio Version 16
VisualStudioVersion = 16.0.30330.147
MinimumVisualStudioVersion = 10.0.40219.1
Project("{FAE04EC0-301F-11D3-BF4B-00C04F79EFBC}") = "Lab1", "Lab1\Lab1.csproj", "{8852BC1C-A45D-47D1-969A-4C2E34E3BBA1}"
EndProject
Global
	GlobalSection(SolutionConfigurationPlatforms) = preSolution
		Debug|Any CPU = Debug|Any CPU
		Release|Any CPU = Release|Any CPU
	EndGlobalSection
	GlobalSection(ProjectConfigurationPlatforms) = postSolution
		{8852BC1C-A45D-47D1-969A-4C2E34E3BBA1}.Debug|Any CPU.ActiveCfg = Debug|Any CPU
		{8852BC1C-A45D-47D1-969A-4C2E34E3BBA1}.Debug|Any CPU.Build.0 = Debug|Any CPU
		{8852BC1C-A45D-47D1-969A-4C2E34E3BBA1}.Release|Any CPU.ActiveCfg = Release|Any CPU
		{8852BC1C-A45D-47D1-969A-4C2E34E3BBA1}.Release|Any CPU.Build.0 = Release|Any CPU
	EndGlobalSection
	GlobalSection(SolutionProperties) = preSolution
		HideSolutionNode = FALSE
	EndGlobalSection
	GlobalSection(ExtensibilityGlobals) = postSolution
		SolutionGuid = {63FEFCC1-E020-4ABB-9B72-99F6F460931C}
	EndGlobalSection
EndGlobal
